
Microsoft Visual Studio Solution File, Format Version 12.00
# Visual Studio Version 16
VisualStudioVersion = 16.0.29215.179
MinimumVisualStudioVersion = 10.0.40219.1
Project("{FAE04EC0-301F-11D3-BF4B-00C04F79EFBC}") = "PreparationKit", "PreparationKit\PreparationKit.csproj", "{CA2424A7-BE2E-4AEE-AA9E-436B9E3810C3}"
EndProject
Global
	GlobalSection(SolutionConfigurationPlatforms) = preSolution
		Debug|Any CPU = Debug|Any CPU
		Release|Any CPU = Release|Any CPU
	EndGlobalSection
	GlobalSection(ProjectConfigurationPlatforms) = postSolution
		{CA2424A7-BE2E-4AEE-AA9E-436B9E3810C3}.Debug|Any CPU.ActiveCfg = Debug|Any CPU
		{CA2424A7-BE2E-4AEE-AA9E-436B9E3810C3}.Debug|Any CPU.Build.0 = Debug|Any CPU
		{CA2424A7-BE2E-4AEE-AA9E-436B9E3810C3}.Release|Any CPU.ActiveCfg = Release|Any CPU
		{CA2424A7-BE2E-4AEE-AA9E-436B9E3810C3}.Release|Any CPU.Build.0 = Release|Any CPU
	EndGlobalSection
	GlobalSection(SolutionProperties) = preSolution
		HideSolutionNode = FALSE
	EndGlobalSection
	GlobalSection(ExtensibilityGlobals) = postSolution
		SolutionGuid = {12D44EBF-C873-460B-A776-ACC1C1655B04}
	EndGlobalSection
EndGlobal
